{
  "name": "@barrersoftware/copilot-plugins",
  "version": "1.0.0",
  "lockfileVersion": 3,
  "requires": true,
  "packages": {
    "": {
      "name": "@barrersoftware/copilot-plugins",
      "version": "1.0.0",
      "license": "MIT",
      "dependencies": {
        "@github/copilot-sdk": "^0.1.13"
      },
      "devDependencies": {
        "@types/node": "^22.10.6",
        "typescript": "^5.7.3"
      }
    },
    "node_modules/@github/copilot": {
      "version": "0.0.384",
      "resolved": "https://registry.npmjs.org/@github/copilot/-/copilot-0.0.384.tgz",
      "integrity": "sha512-kcM+H33oPgYAsnu5ESd5IS3zw2HnV26+D/ZRB42EUF0f4FfITZchRBYguZLgk2g+7NCDHHM9vZ/Kg7699byEaA==",
      "license": "SEE LICENSE IN LICENSE.md",
      "bin": {
        "copilot": "npm-loader.js"
      },
      "engines": {
        "node": ">=22"
      },
      "optionalDependencies": {
        "@github/copilot-darwin-arm64": "0.0.384",
        "@github/copilot-darwin-x64": "0.0.384",
        "@github/copilot-linux-arm64": "0.0.384",
        "@github/copilot-linux-x64": "0.0.384",
        "@github/copilot-win32-arm64": "0.0.384",
        "@github/copilot-win32-x64": "0.0.384"
      }
    },
    "node_modules/@github/copilot-darwin-arm64": {
      "version": "0.0.384",
      "resolved": "https://registry.npmjs.org/@github/copilot-darwin-arm64/-/copilot-darwin-arm64-0.0.384.tgz",
      "integrity": "sha512-lSJxgCgFaIz+6RkT/SpXBuysKQru6xCF0prnCZp2tvywOmulsujtbCndBPFCpaUlm7XQh87TZ3RSrkzdisLtjQ==",
      "cpu": [
        "arm64"
      ],
      "license": "SEE LICENSE IN LICENSE.md",
      "optional": true,
      "os": [
        "darwin"
      ],
      "bin": {
        "copilot-darwin-arm64": "copilot"
      }
    },
    "node_modules/@github/copilot-darwin-x64": {
      "version": "0.0.384",
      "resolved": "https://registry.npmjs.org/@github/copilot-darwin-x64/-/copilot-darwin-x64-0.0.384.tgz",
      "integrity": "sha512-mkkgGQn/YMcrBPkaOsmi4JrM/ItSzC1eIBFitiqCw/+LbWEQTVqAwdQLrjo2QtFoGgs+IMJNAZbnnAe6DQ20Eg==",
      "cpu": [
        "x64"
      ],
      "license": "SEE LICENSE IN LICENSE.md",
      "optional": true,
      "os": [
        "darwin"
      ],
      "bin": {
        "copilot-darwin-x64": "copilot"
      }
    },
    "node_modules/@github/copilot-linux-arm64": {
      "version": "0.0.384",
      "resolved": "https://registry.npmjs.org/@github/copilot-linux-arm64/-/copilot-linux-arm64-0.0.384.tgz",
      "integrity": "sha512-TdWNkmEKHXrxLgcnmxtUaem+0eQbggGqxcUiD0jYMnJQ5HWgap1ARHF4To5CnjR7EVBRlxo3ikDlWnHi9dwLqA==",
      "cpu": [
        "arm64"
      ],
      "license": "SEE LICENSE IN LICENSE.md",
      "optional": true,
      "os": [
        "linux"
      ],
      "bin": {
        "copilot-linux-arm64": "copilot"
      }
    },
    "node_modules/@github/copilot-linux-x64": {
      "version": "0.0.384",
      "resolved": "https://registry.npmjs.org/@github/copilot-linux-x64/-/copilot-linux-x64-0.0.384.tgz",
      "integrity": "sha512-rl1IEtd+xGPRDLqJJ4NGd3JHvbR48zf6qUFgVb8Si6LGXNuRl9Wiol97JxOVpAKCKOjYdHMSWxPu5TmQfJXDuA==",
      "cpu": [
        "x64"
      ],
      "license": "SEE LICENSE IN LICENSE.md",
      "optional": true,
      "os": [
        "linux"
      ],
      "bin": {
        "copilot-linux-x64": "copilot"
      }
    },
    "node_modules/@github/copilot-sdk": {
      "version": "0.1.13",
      "resolved": "https://registry.npmjs.org/@github/copilot-sdk/-/copilot-sdk-0.1.13.tgz",
      "integrity": "sha512-80ZY/L4DJonoXGZhmkPsnxE/XrPVf3boM5efT0WTyqY/wO4LYqnOAn2F5ooEctMaPrW4DfAoIKQSgOi+Hdx7DA==",
      "license": "MIT",
      "dependencies": {
        "@github/copilot": "^0.0.384",
        "vscode-jsonrpc": "^8.2.1",
        "zod": "^4.3.5"
      },
      "engines": {
        "node": ">=18.0.0"
      }
    },
    "node_modules/@github/copilot-win32-arm64": {
      "version": "0.0.384",
      "resolved": "https://registry.npmjs.org/@github/copilot-win32-arm64/-/copilot-win32-arm64-0.0.384.tgz",
      "integrity": "sha512-mQXEMqZtNznhkxD0vVIvvvqduJWSpsyHxgL/5R598vCcCM5DLV8khNqW6DRHep5gi39tp96Wo9HYl4wytdMHpA==",
      "cpu": [
        "arm64"
      ],
      "license": "SEE LICENSE IN LICENSE.md",
      "optional": true,
      "os": [
        "win32"
      ],
      "bin": {
        "copilot-win32-arm64": "copilot.exe"
      }
    },
    "node_modules/@github/copilot-win32-x64": {
      "version": "0.0.384",
      "resolved": "https://registry.npmjs.org/@github/copilot-win32-x64/-/copilot-win32-x64-0.0.384.tgz",
      "integrity": "sha512-emFbcsqGuut1aU3HfeMB1HIW3e2nVz21SepQREGBdnDwJSZFPGguPmHHvkc/TsdAef8cId8QBQj/FtSfaxlZWA==",
      "cpu": [
        "x64"
      ],
      "license": "SEE LICENSE IN LICENSE.md",
      "optional": true,
      "os": [
        "win32"
      ],
      "bin": {
        "copilot-win32-x64": "copilot.exe"
      }
    },
    "node_modules/@types/node": {
      "version": "22.19.7",
      "resolved": "https://registry.npmjs.org/@types/node/-/node-22.19.7.tgz",
      "integrity": "sha512-MciR4AKGHWl7xwxkBa6xUGxQJ4VBOmPTF7sL+iGzuahOFaO0jHCsuEfS80pan1ef4gWId1oWOweIhrDEYLuaOw==",
      "dev": true,
      "license": "MIT",
      "dependencies": {
        "undici-types": "~6.21.0"
      }
    },
    "node_modules/typescript": {
      "version": "5.9.3",
      "resolved": "https://registry.npmjs.org/typescript/-/typescript-5.9.3.tgz",
      "integrity": "sha512-jl1vZzPDinLr9eUt3J/t7V6FgNEw9QjvBPdysz9KfQDD41fQrC2Y4vKQdiaUpFT4bXlb1RHhLpp8wtm6M5TgSw==",
      "dev": true,
      "license": "Apache-2.0",
      "bin": {
        "tsc": "bin/tsc",
        "tsserver": "bin/tsserver"
      },
      "engines": {
        "node": ">=14.17"
      }
    },
    "node_modules/undici-types": {
      "version": "6.21.0",
      "resolved": "https://registry.npmjs.org/undici-types/-/undici-types-6.21.0.tgz",
      "integrity": "sha512-iwDZqg0QAGrg9Rav5H4n0M64c3mkR59cJ6wQp+7C4nI0gsmExaedaYLNO44eT4AtBBwjbTiGPMlt2Md0T9H9JQ==",
      "dev": true,
      "license": "MIT"
    },
    "node_modules/vscode-jsonrpc": {
      "version": "8.2.1",
      "resolved": "https://registry.npmjs.org/vscode-jsonrpc/-/vscode-jsonrpc-8.2.1.tgz",
      "integrity": "sha512-kdjOSJ2lLIn7r1rtrMbbNCHjyMPfRnowdKjBQ+mGq6NAW5QY2bEZC/khaC5OR8svbbjvLEaIXkOq45e2X9BIbQ==",
      "license": "MIT",
      "engines": {
        "node": ">=14.0.0"
      }
    },
    "node_modules/zod": {
      "version": "4.3.5",
      "resolved": "https://registry.npmjs.org/zod/-/zod-4.3.5.tgz",
      "integrity": "sha512-k7Nwx6vuWx1IJ9Bjuf4Zt1PEllcwe7cls3VNzm4CQ1/hgtFUK2bRNG3rvnpPUhFjmqJKAKtjV576KnUkHocg/g==",
      "license": "MIT",
      "funding": {
        "url": "https://github.com/sponsors/colinhacks"
      }
    }
  }
}
